
Microsoft Visual Studio Solution File, Format Version 12.00
# Visual Studio Version 17
VisualStudioVersion = 17.14.36221.1 d17.14
MinimumVisualStudioVersion = 10.0.40219.1
Project("{FAE04EC0-301F-11D3-BF4B-00C04F79EFBC}") = "Assignment.linq", "Assignment.linq\Assignment.linq.csproj", "{988F6A9C-561A-4163-8BBC-9DBF3973E07B}"
EndProject
Global
	GlobalSection(SolutionConfigurationPlatforms) = preSolution
		Debug|Any CPU = Debug|Any CPU
		Release|Any CPU = Release|Any CPU
	EndGlobalSection
	GlobalSection(ProjectConfigurationPlatforms) = postSolution
		{988F6A9C-561A-4163-8BBC-9DBF3973E07B}.Debug|Any CPU.ActiveCfg = Debug|Any CPU
		{988F6A9C-561A-4163-8BBC-9DBF3973E07B}.Debug|Any CPU.Build.0 = Debug|Any CPU
		{988F6A9C-561A-4163-8BBC-9DBF3973E07B}.Release|Any CPU.ActiveCfg = Release|Any CPU
		{988F6A9C-561A-4163-8BBC-9DBF3973E07B}.Release|Any CPU.Build.0 = Release|Any CPU
	EndGlobalSection
	GlobalSection(SolutionProperties) = preSolution
		HideSolutionNode = FALSE
	EndGlobalSection
	GlobalSection(ExtensibilityGlobals) = postSolution
		SolutionGuid = {457CA928-CA51-4D33-A5F6-B33288159E7F}
	EndGlobalSection
EndGlobal
